// !$*UTF8*$!
{
	archiveVersion = 1;
	classes = {
	};
	objectVersion = 46;
	objects = {

/* Begin PBXBuildFile section */
		8017A8E119A18AA000DE762D /* Foundation.framework in Frameworks */ = {isa = PBXBuildFile; fileRef = 8017A8E019A18AA000DE762D /* Foundation.framework */; };
		8017A8E319A18AA000DE762D /* CoreGraphics.framework in Frameworks */ = {isa = PBXBuildFile; fileRef = 8017A8E219A18AA000DE762D /* CoreGraphics.framework */; };
		8017A8E519A18AA000DE762D /* UIKit.framework in Frameworks */ = {isa = PBXBuildFile; fileRef = 8017A8E419A18AA000DE762D /* UIKit.framework */; };
		8017A8EB19A18AA000DE762D /* InfoPlist.strings in Resources */ = {isa = PBXBuildFile; fileRef = 8017A8E919A18AA000DE762D /* InfoPlist.strings */; };
		8017A8ED19A18AA000DE762D /* main.m in Sources */ = {isa = PBXBuildFile; fileRef = 8017A8EC19A18AA000DE762D /* main.m */; };
		8017A8F119A18AA000DE762D /* AppDelegate.m in Sources */ = {isa = PBXBuildFile; fileRef = 8017A8F019A18AA000DE762D /* AppDelegate.m */; };
		8017A8F319A18AA000DE762D /* Images.xcassets in Resources */ = {isa = PBXBuildFile; fileRef = 8017A8F219A18AA000DE762D /* Images.xcassets */; };
		8017A8FA19A18AA000DE762D /* XCTest.framework in Frameworks */ = {isa = PBXBuildFile; fileRef = 8017A8F919A18AA000DE762D /* XCTest.framework */; };
		8017A8FB19A18AA000DE762D /* Foundation.framework in Frameworks */ = {isa = PBXBuildFile; fileRef = 8017A8E019A18AA000DE762D /* Foundation.framework */; };
		8017A8FC19A18AA000DE762D /* UIKit.framework in Frameworks */ = {isa = PBXBuildFile; fileRef = 8017A8E419A18AA000DE762D /* UIKit.framework */; };
		8017A90419A18AA000DE762D /* InfoPlist.strings in Resources */ = {isa = PBXBuildFile; fileRef = 8017A90219A18AA000DE762D /* InfoPlist.strings */; };
		8017A90619A18AA000DE762D /* A_StarTests.m in Sources */ = {isa = PBXBuildFile; fileRef = 8017A90519A18AA000DE762D /* A_StarTests.m */; };
		8017A91219A18AAB00DE762D /* RootViewController.m in Sources */ = {isa = PBXBuildFile; fileRef = 8017A91019A18AAB00DE762D /* RootViewController.m */; };
		8017A91319A18AAB00DE762D /* RootViewController.xib in Resources */ = {isa = PBXBuildFile; fileRef = 8017A91119A18AAB00DE762D /* RootViewController.xib */; };
		8017A91619A18ADB00DE762D /* UIIndexButton.m in Sources */ = {isa = PBXBuildFile; fileRef = 8017A91519A18ADB00DE762D /* UIIndexButton.m */; };
		8017A91919A18E2A00DE762D /* UIAStarView.m in Sources */ = {isa = PBXBuildFile; fileRef = 8017A91819A18E2A00DE762D /* UIAStarView.m */; };
		8017A91C19A1942300DE762D /* NSMutableArray+index.m in Sources */ = {isa = PBXBuildFile; fileRef = 8017A91B19A1942300DE762D /* NSMutableArray+index.m */; };
		8017A91F19A19BD900DE762D /* DDCollection.m in Sources */ = {isa = PBXBuildFile; fileRef = 8017A91E19A19BD900DE762D /* DDCollection.m */; };
/* End PBXBuildFile section */

/* Begin PBXContainerItemProxy section */
		8017A8FD19A18AA000DE762D /* PBXContainerItemProxy */ = {
			isa = PBXContainerItemProxy;
			containerPortal = 8017A8D519A18AA000DE762D /* Project object */;
			proxyType = 1;
			remoteGlobalIDString = 8017A8DC19A18AA000DE762D;
			remoteInfo = A_Star;
		};
/* End PBXContainerItemProxy section */

/* Begin PBXFileReference section */
		8017A8DD19A18AA000DE762D /* A_Star.app */ = {isa = PBXFileReference; explicitFileType = wrapper.application; includeInIndex = 0; path = A_Star.app; sourceTree = BUILT_PRODUCTS_DIR; };
		8017A8E019A18AA000DE762D /* Foundation.framework */ = {isa = PBXFileReference; lastKnownFileType = wrapper.framework; name = Foundation.framework; path = System/Library/Frameworks/Foundation.framework; sourceTree = SDKROOT; };
		8017A8E219A18AA000DE762D /* CoreGraphics.framework */ = {isa = PBXFileReference; lastKnownFileType = wrapper.framework; name = CoreGraphics.framework; path = System/Library/Frameworks/CoreGraphics.framework; sourceTree = SDKROOT; };
		8017A8E419A18AA000DE762D /* UIKit.framework */ = {isa = PBXFileReference; lastKnownFileType = wrapper.framework; name = UIKit.framework; path = System/Library/Frameworks/UIKit.framework; sourceTree = SDKROOT; };
		8017A8E819A18AA000DE762D /* A_Star-Info.plist */ = {isa = PBXFileReference; lastKnownFileType = text.plist.xml; path = "A_Star-Info.plist"; sourceTree = "<group>"; };
		8017A8EA19A18AA000DE762D /* en */ = {isa = PBXFileReference; lastKnownFileType = text.plist.strings; name = en; path = en.lproj/InfoPlist.strings; sourceTree = "<group>"; };
		8017A8EC19A18AA000DE762D /* main.m */ = {isa = PBXFileReference; lastKnownFileType = sourcecode.c.objc; path = main.m; sourceTree = "<group>"; };
		8017A8EE19A18AA000DE762D /* A_Star-Prefix.pch */ = {isa = PBXFileReference; lastKnownFileType = sourcecode.c.h; path = "A_Star-Prefix.pch"; sourceTree = "<group>"; };
		8017A8EF19A18AA000DE762D /* AppDelegate.h */ = {isa = PBXFileReference; lastKnownFileType = sourcecode.c.h; path = AppDelegate.h; sourceTree = "<group>"; };
		8017A8F019A18AA000DE762D /* AppDelegate.m */ = {isa = PBXFileReference; lastKnownFileType = sourcecode.c.objc; path = AppDelegate.m; sourceTree = "<group>"; };
		8017A8F219A18AA000DE762D /* Images.xcassets */ = {isa = PBXFileReference; lastKnownFileType = folder.assetcatalog; path = Images.xcassets; sourceTree = "<group>"; };
		8017A8F819A18AA000DE762D /* A_StarTests.xctest */ = {isa = PBXFileReference; explicitFileType = wrapper.cfbundle; includeInIndex = 0; path = A_StarTests.xctest; sourceTree = BUILT_PRODUCTS_DIR; };
		8017A8F919A18AA000DE762D /* XCTest.framework */ = {isa = PBXFileReference; lastKnownFileType = wrapper.framework; name = XCTest.framework; path = Library/Frameworks/XCTest.framework; sourceTree = DEVELOPER_DIR; };
		8017A90119A18AA000DE762D /* A_StarTests-Info.plist */ = {isa = PBXFileReference; lastKnownFileType = text.plist.xml; path = "A_StarTests-Info.plist"; sourceTree = "<group>"; };
		8017A90319A18AA000DE762D /* en */ = {isa = PBXFileReference; lastKnownFileType = text.plist.strings; name = en; path = en.lproj/InfoPlist.strings; sourceTree = "<group>"; };
		8017A90519A18AA000DE762D /* A_StarTests.m */ = {isa = PBXFileReference; lastKnownFileType = sourcecode.c.objc; path = A_StarTests.m; sourceTree = "<group>"; };
		8017A90F19A18AAB00DE762D /* RootViewController.h */ = {isa = PBXFileReference; fileEncoding = 4; lastKnownFileType = sourcecode.c.h; path = RootViewController.h; sourceTree = "<group>"; };
		8017A91019A18AAB00DE762D /* RootViewController.m */ = {isa = PBXFileReference; fileEncoding = 4; lastKnownFileType = sourcecode.c.objc; path = RootViewController.m; sourceTree = "<group>"; };
		8017A91119A18AAB00DE762D /* RootViewController.xib */ = {isa = PBXFileReference; fileEncoding = 4; lastKnownFileType = file.xib; path = RootViewController.xib; sourceTree = "<group>"; };
		8017A91419A18ADB00DE762D /* UIIndexButton.h */ = {isa = PBXFileReference; fileEncoding = 4; lastKnownFileType = sourcecode.c.h; path = UIIndexButton.h; sourceTree = "<group>"; };
		8017A91519A18ADB00DE762D /* UIIndexButton.m */ = {isa = PBXFileReference; fileEncoding = 4; lastKnownFileType = sourcecode.c.objc; path = UIIndexButton.m; sourceTree = "<group>"; };
		8017A91719A18E2A00DE762D /* UIAStarView.h */ = {isa = PBXFileReference; fileEncoding = 4; lastKnownFileType = sourcecode.c.h; path = UIAStarView.h; sourceTree = "<group>"; };
		8017A91819A18E2A00DE762D /* UIAStarView.m */ = {isa = PBXFileReference; fileEncoding = 4; lastKnownFileType = sourcecode.c.objc; path = UIAStarView.m; sourceTree = "<group>"; };
		8017A91A19A1942300DE762D /* NSMutableArray+index.h */ = {isa = PBXFileReference; fileEncoding = 4; lastKnownFileType = sourcecode.c.h; path = "NSMutableArray+index.h"; sourceTree = "<group>"; };
		8017A91B19A1942300DE762D /* NSMutableArray+index.m */ = {isa = PBXFileReference; fileEncoding = 4; lastKnownFileType = sourcecode.c.objc; path = "NSMutableArray+index.m"; sourceTree = "<group>"; };
		8017A91D19A19BD900DE762D /* DDCollection.h */ = {isa = PBXFileReference; fileEncoding = 4; lastKnownFileType = sourcecode.c.h; path = DDCollection.h; sourceTree = "<group>"; };
		8017A91E19A19BD900DE762D /* DDCollection.m */ = {isa = PBXFileReference; fileEncoding = 4; lastKnownFileType = sourcecode.c.objc; path = DDCollection.m; sourceTree = "<group>"; };
/* End PBXFileReference section */

/* Begin PBXFrameworksBuildPhase section */
		8017A8DA19A18AA000DE762D /* Frameworks */ = {
			isa = PBXFrameworksBuildPhase;
			buildActionMask = 2147483647;
			files = (
				8017A8E319A18AA000DE762D /* CoreGraphics.framework in Frameworks */,
				8017A8E519A18AA000DE762D /* UIKit.framework in Frameworks */,
				8017A8E119A18AA000DE762D /* Foundation.framework in Frameworks */,
			);
			runOnlyForDeploymentPostprocessing = 0;
		};
		8017A8F519A18AA000DE762D /* Frameworks */ = {
			isa = PBXFrameworksBuildPhase;
			buildActionMask = 2147483647;
			files = (
				8017A8FA19A18AA000DE762D /* XCTest.framework in Frameworks */,
				8017A8FC19A18AA000DE762D /* UIKit.framework in Frameworks */,
				8017A8FB19A18AA000DE762D /* Foundation.framework in Frameworks */,
			);
			runOnlyForDeploymentPostprocessing = 0;
		};
/* End PBXFrameworksBuildPhase section */

/* Begin PBXGroup section */
		8017A8D419A18AA000DE762D = {
			isa = PBXGroup;
			children = (
				8017A91A19A1942300DE762D /* NSMutableArray+index.h */,
				8017A91B19A1942300DE762D /* NSMutableArray+index.m */,
				8017A91419A18ADB00DE762D /* UIIndexButton.h */,
				8017A91519A18ADB00DE762D /* UIIndexButton.m */,
				8017A91719A18E2A00DE762D /* UIAStarView.h */,
				8017A91819A18E2A00DE762D /* UIAStarView.m */,
				8017A91D19A19BD900DE762D /* DDCollection.h */,
				8017A91E19A19BD900DE762D /* DDCollection.m */,
				8017A90F19A18AAB00DE762D /* RootViewController.h */,
				8017A91019A18AAB00DE762D /* RootViewController.m */,
				8017A91119A18AAB00DE762D /* RootViewController.xib */,
				8017A8E619A18AA000DE762D /* A_Star */,
				8017A8FF19A18AA000DE762D /* A_StarTests */,
				8017A8DF19A18AA000DE762D /* Frameworks */,
				8017A8DE19A18AA000DE762D /* Products */,
			);
			sourceTree = "<group>";
		};
		8017A8DE19A18AA000DE762D /* Products */ = {
			isa = PBXGroup;
			children = (
				8017A8DD19A18AA000DE762D /* A_Star.app */,
				8017A8F819A18AA000DE762D /* A_StarTests.xctest */,
			);
			name = Products;
			sourceTree = "<group>";
		};
		8017A8DF19A18AA000DE762D /* Frameworks */ = {
			isa = PBXGroup;
			children = (
				8017A8E019A18AA000DE762D /* Foundation.framework */,
				8017A8E219A18AA000DE762D /* CoreGraphics.framework */,
				8017A8E419A18AA000DE762D /* UIKit.framework */,
				8017A8F919A18AA000DE762D /* XCTest.framework */,
			);
			name = Frameworks;
			sourceTree = "<group>";
		};
		8017A8E619A18AA000DE762D /* A_Star */ = {
			isa = PBXGroup;
			children = (
				8017A8EF19A18AA000DE762D /* AppDelegate.h */,
				8017A8F019A18AA000DE762D /* AppDelegate.m */,
				8017A8F219A18AA000DE762D /* Images.xcassets */,
				8017A8E719A18AA000DE762D /* Supporting Files */,
			);
			path = A_Star;
			sourceTree = "<group>";
		};
		8017A8E719A18AA000DE762D /* Supporting Files */ = {
			isa = PBXGroup;
			children = (
				8017A8E819A18AA000DE762D /* A_Star-Info.plist */,
				8017A8E919A18AA000DE762D /* InfoPlist.strings */,
				8017A8EC19A18AA000DE762D /* main.m */,
				8017A8EE19A18AA000DE762D /* A_Star-Prefix.pch */,
			);
			name = "Supporting Files";
			sourceTree = "<group>";
		};
		8017A8FF19A18AA000DE762D /* A_StarTests */ = {
			isa = PBXGroup;
			children = (
				8017A90519A18AA000DE762D /* A_StarTests.m */,
				8017A90019A18AA000DE762D /* Supporting Files */,
			);
			path = A_StarTests;
			sourceTree = "<group>";
		};
		8017A90019A18AA000DE762D /* Supporting Files */ = {
			isa = PBXGroup;
			children = (
				8017A90119A18AA000DE762D /* A_StarTests-Info.plist */,
				8017A90219A18AA000DE762D /* InfoPlist.strings */,
			);
			name = "Supporting Files";
			sourceTree = "<group>";
		};
/* End PBXGroup section */

/* Begin PBXNativeTarget section */
		8017A8DC19A18AA000DE762D /* A_Star */ = {
			isa = PBXNativeTarget;
			buildConfigurationList = 8017A90919A18AA000DE762D /* Build configuration list for PBXNativeTarget "A_Star" */;
			buildPhases = (
				8017A8D919A18AA000DE762D /* Sources */,
				8017A8DA19A18AA000DE762D /* Frameworks */,
				8017A8DB19A18AA000DE762D /* Resources */,
			);
			buildRules = (
			);
			dependencies = (
			);
			name = A_Star;
			productName = A_Star;
			productReference = 8017A8DD19A18AA000DE762D /* A_Star.app */;
			productType = "com.apple.product-type.application";
		};
		8017A8F719A18AA000DE762D /* A_StarTests */ = {
			isa = PBXNativeTarget;
			buildConfigurationList = 8017A90C19A18AA000DE762D /* Build configuration list for PBXNativeTarget "A_StarTests" */;
			buildPhases = (
				8017A8F419A18AA000DE762D /* Sources */,
				8017A8F519A18AA000DE762D /* Frameworks */,
				8017A8F619A18AA000DE762D /* Resources */,
			);
			buildRules = (
			);
			dependencies = (
				8017A8FE19A18AA000DE762D /* PBXTargetDependency */,
			);
			name = A_StarTests;
			productName = A_StarTests;
			productReference = 8017A8F819A18AA000DE762D /* A_StarTests.xctest */;
			productType = "com.apple.product-type.bundle.unit-test";
		};
/* End PBXNativeTarget section */

/* Begin PBXProject section */
		8017A8D519A18AA000DE762D /* Project object */ = {
			isa = PBXProject;
			attributes = {
				LastUpgradeCheck = 0510;
				ORGANIZATIONNAME = SELF_PRACTICE;
				TargetAttributes = {
					8017A8F719A18AA000DE762D = {
						TestTargetID = 8017A8DC19A18AA000DE762D;
					};
				};
			};
			buildConfigurationList = 8017A8D819A18AA000DE762D /* Build configuration list for PBXProject "A_Star" */;
			compatibilityVersion = "Xcode 3.2";
			developmentRegion = English;
			hasScannedForEncodings = 0;
			knownRegions = (
				en,
			);
			mainGroup = 8017A8D419A18AA000DE762D;
			productRefGroup = 8017A8DE19A18AA000DE762D /* Products */;
			projectDirPath = "";
			projectRoot = "";
			targets = (
				8017A8DC19A18AA000DE762D /* A_Star */,
				8017A8F719A18AA000DE762D /* A_StarTests */,
			);
		};
/* End PBXProject section */

/* Begin PBXResourcesBuildPhase section */
		8017A8DB19A18AA000DE762D /* Resources */ = {
			isa = PBXResourcesBuildPhase;
			buildActionMask = 2147483647;
			files = (
				8017A8EB19A18AA000DE762D /* InfoPlist.strings in Resources */,
				8017A8F319A18AA000DE762D /* Images.xcassets in Resources */,
				8017A91319A18AAB00DE762D /* RootViewController.xib in Resources */,
			);
			runOnlyForDeploymentPostprocessing = 0;
		};
		8017A8F619A18AA000DE762D /* Resources */ = {
			isa = PBXResourcesBuildPhase;
			buildActionMask = 2147483647;
			files = (
				8017A90419A18AA000DE762D /* InfoPlist.strings in Resources */,
			);
			runOnlyForDeploymentPostprocessing = 0;
		};
/* End PBXResourcesBuildPhase section */

/* Begin PBXSourcesBuildPhase section */
		8017A8D919A18AA000DE762D /* Sources */ = {
			isa = PBXSourcesBuildPhase;
			buildActionMask = 2147483647;
			files = (
				8017A91619A18ADB00DE762D /* UIIndexButton.m in Sources */,
				8017A91F19A19BD900DE762D /* DDCollection.m in Sources */,
				8017A8F119A18AA000DE762D /* AppDelegate.m in Sources */,
				8017A8ED19A18AA000DE762D /* main.m in Sources */,
				8017A91219A18AAB00DE762D /* RootViewController.m in Sources */,
				8017A91C19A1942300DE762D /* NSMutableArray+index.m in Sources */,
				8017A91919A18E2A00DE762D /* UIAStarView.m in Sources */,
			);
			runOnlyForDeploymentPostprocessing = 0;
		};
		8017A8F419A18AA000DE762D /* Sources */ = {
			isa = PBXSourcesBuildPhase;
			buildActionMask = 2147483647;
			files = (
				8017A90619A18AA000DE762D /* A_StarTests.m in Sources */,
			);
			runOnlyForDeploymentPostprocessing = 0;
		};
/* End PBXSourcesBuildPhase section */

/* Begin PBXTargetDependency section */
		8017A8FE19A18AA000DE762D /* PBXTargetDependency */ = {
			isa = PBXTargetDependency;
			target = 8017A8DC19A18AA000DE762D /* A_Star */;
			targetProxy = 8017A8FD19A18AA000DE762D /* PBXContainerItemProxy */;
		};
/* End PBXTargetDependency section */

/* Begin PBXVariantGroup section */
		8017A8E919A18AA000DE762D /* InfoPlist.strings */ = {
			isa = PBXVariantGroup;
			children = (
				8017A8EA19A18AA000DE762D /* en */,
			);
			name = InfoPlist.strings;
			sourceTree = "<group>";
		};
		8017A90219A18AA000DE762D /* InfoPlist.strings */ = {
			isa = PBXVariantGroup;
			children = (
				8017A90319A18AA000DE762D /* en */,
			);
			name = InfoPlist.strings;
			sourceTree = "<group>";
		};
/* End PBXVariantGroup section */

/* Begin XCBuildConfiguration section */
		8017A90719A18AA000DE762D /* Debug */ = {
			isa = XCBuildConfiguration;
			buildSettings = {
				ALWAYS_SEARCH_USER_PATHS = NO;
				CLANG_CXX_LANGUAGE_STANDARD = "gnu++0x";
				CLANG_CXX_LIBRARY = "libc++";
				CLANG_ENABLE_MODULES = YES;
				CLANG_ENABLE_OBJC_ARC = YES;
				CLANG_WARN_BOOL_CONVERSION = YES;
				CLANG_WARN_CONSTANT_CONVERSION = YES;
				CLANG_WARN_DIRECT_OBJC_ISA_USAGE = YES_ERROR;
				CLANG_WARN_EMPTY_BODY = YES;
				CLANG_WARN_ENUM_CONVERSION = YES;
				CLANG_WARN_INT_CONVERSION = YES;
				CLANG_WARN_OBJC_ROOT_CLASS = YES_ERROR;
				CLANG_WARN__DUPLICATE_METHOD_MATCH = YES;
				"CODE_SIGN_IDENTITY[sdk=iphoneos*]" = "iPhone Developer";
				COPY_PHASE_STRIP = NO;
				GCC_C_LANGUAGE_STANDARD = gnu99;
				GCC_DYNAMIC_NO_PIC = NO;
				GCC_OPTIMIZATION_LEVEL = 0;
				GCC_PREPROCESSOR_DEFINITIONS = (
					"DEBUG=1",
					"$(inherited)",
				);
				GCC_SYMBOLS_PRIVATE_EXTERN = NO;
				GCC_WARN_64_TO_32_BIT_CONVERSION = YES;
				GCC_WARN_ABOUT_RETURN_TYPE = YES_ERROR;
				GCC_WARN_UNDECLARED_SELECTOR = YES;
				GCC_WARN_UNINITIALIZED_AUTOS = YES_AGGRESSIVE;
				GCC_WARN_UNUSED_FUNCTION = YES;
				GCC_WARN_UNUSED_VARIABLE = YES;
				IPHONEOS_DEPLOYMENT_TARGET = 7.1;
				ONLY_ACTIVE_ARCH = YES;
				SDKROOT = iphoneos;
				TARGETED_DEVICE_FAMILY = 2;
			};
			name = Debug;
		};
		8017A90819A18AA000DE762D /* Release */ = {
			isa = XCBuildConfiguration;
			buildSettings = {
				ALWAYS_SEARCH_USER_PATHS = NO;
				CLANG_CXX_LANGUAGE_STANDARD = "gnu++0x";
				CLANG_CXX_LIBRARY = "libc++";
				CLANG_ENABLE_MODULES = YES;
				CLANG_ENABLE_OBJC_ARC = YES;
				CLANG_WARN_BOOL_CONVERSION = YES;
				CLANG_WARN_CONSTANT_CONVERSION = YES;
				CLANG_WARN_DIRECT_OBJC_ISA_USAGE = YES_ERROR;
				CLANG_WARN_EMPTY_BODY = YES;
				CLANG_WARN_ENUM_CONVERSION = YES;
				CLANG_WARN_INT_CONVERSION = YES;
				CLANG_WARN_OBJC_ROOT_CLASS = YES_ERROR;
				CLANG_WARN__DUPLICATE_METHOD_MATCH = YES;
				"CODE_SIGN_IDENTITY[sdk=iphoneos*]" = "iPhone Developer";
				COPY_PHASE_STRIP = YES;
				ENABLE_NS_ASSERTIONS = NO;
				GCC_C_LANGUAGE_STANDARD = gnu99;
				GCC_WARN_64_TO_32_BIT_CONVERSION = YES;
				GCC_WARN_ABOUT_RETURN_TYPE = YES_ERROR;
				GCC_WARN_UNDECLARED_SELECTOR = YES;
				GCC_WARN_UNINITIALIZED_AUTOS = YES_AGGRESSIVE;
				GCC_WARN_UNUSED_FUNCTION = YES;
				GCC_WARN_UNUSED_VARIABLE = YES;
				IPHONEOS_DEPLOYMENT_TARGET = 7.1;
				SDKROOT = iphoneos;
				TARGETED_DEVICE_FAMILY = 2;
				VALIDATE_PRODUCT = YES;
			};
			name = Release;
		};
		8017A90A19A18AA000DE762D /* Debug */ = {
			isa = XCBuildConfiguration;
			buildSettings = {
				ASSETCATALOG_COMPILER_APPICON_NAME = AppIcon;
				ASSETCATALOG_COMPILER_LAUNCHIMAGE_NAME = LaunchImage;
				GCC_PRECOMPILE_PREFIX_HEADER = YES;
				GCC_PREFIX_HEADER = "A_Star/A_Star-Prefix.pch";
				INFOPLIST_FILE = "A_Star/A_Star-Info.plist";
				PRODUCT_NAME = "$(TARGET_NAME)";
				WRAPPER_EXTENSION = app;
			};
			name = Debug;
		};
		8017A90B19A18AA000DE762D /* Release */ = {
			isa = XCBuildConfiguration;
			buildSettings = {
				ASSETCATALOG_COMPILER_APPICON_NAME = AppIcon;
				ASSETCATALOG_COMPILER_LAUNCHIMAGE_NAME = LaunchImage;
				GCC_PRECOMPILE_PREFIX_HEADER = YES;
				GCC_PREFIX_HEADER = "A_Star/A_Star-Prefix.pch";
				INFOPLIST_FILE = "A_Star/A_Star-Info.plist";
				PRODUCT_NAME = "$(TARGET_NAME)";
				WRAPPER_EXTENSION = app;
			};
			name = Release;
		};
		8017A90D19A18AA000DE762D /* Debug */ = {
			isa = XCBuildConfiguration;
			buildSettings = {
				BUNDLE_LOADER = "$(BUILT_PRODUCTS_DIR)/A_Star.app/A_Star";
				FRAMEWORK_SEARCH_PATHS = (
					"$(SDKROOT)/Developer/Library/Frameworks",
					"$(inherited)",
					"$(DEVELOPER_FRAMEWORKS_DIR)",
				);
				GCC_PRECOMPILE_PREFIX_HEADER = YES;
				GCC_PREFIX_HEADER = "A_Star/A_Star-Prefix.pch";
				GCC_PREPROCESSOR_DEFINITIONS = (
					"DEBUG=1",
					"$(inherited)",
				);
				INFOPLIST_FILE = "A_StarTests/A_StarTests-Info.plist";
				PRODUCT_NAME = "$(TARGET_NAME)";
				TEST_HOST = "$(BUNDLE_LOADER)";
				WRAPPER_EXTENSION = xctest;
			};
			name = Debug;
		};
		8017A90E19A18AA000DE762D /* Release */ = {
			isa = XCBuildConfiguration;
			buildSettings = {
				BUNDLE_LOADER = "$(BUILT_PRODUCTS_DIR)/A_Star.app/A_Star";
				FRAMEWORK_SEARCH_PATHS = (
					"$(SDKROOT)/Developer/Library/Frameworks",
					"$(inherited)",
					"$(DEVELOPER_FRAMEWORKS_DIR)",
				);
				GCC_PRECOMPILE_PREFIX_HEADER = YES;
				GCC_PREFIX_HEADER = "A_Star/A_Star-Prefix.pch";
				INFOPLIST_FILE = "A_StarTests/A_StarTests-Info.plist";
				PRODUCT_NAME = "$(TARGET_NAME)";
				TEST_HOST = "$(BUNDLE_LOADER)";
				WRAPPER_EXTENSION = xctest;
			};
			name = Release;
		};
/* End XCBuildConfiguration section */

/* Begin XCConfigurationList section */
		8017A8D819A18AA000DE762D /* Build configuration list for PBXProject "A_Star" */ = {
			isa = XCConfigurationList;
			buildConfigurations = (
				8017A90719A18AA000DE762D /* Debug */,
				8017A90819A18AA000DE762D /* Release */,
			);
			defaultConfigurationIsVisible = 0;
			defaultConfigurationName = Release;
		};
		8017A90919A18AA000DE762D /* Build configuration list for PBXNativeTarget "A_Star" */ = {
			isa = XCConfigurationList;
			buildConfigurations = (
				8017A90A19A18AA000DE762D /* Debug */,
				8017A90B19A18AA000DE762D /* Release */,
			);
			defaultConfigurationIsVisible = 0;
		};
		8017A90C19A18AA000DE762D /* Build configuration list for PBXNativeTarget "A_StarTests" */ = {
			isa = XCConfigurationList;
			buildConfigurations = (
				8017A90D19A18AA000DE762D /* Debug */,
				8017A90E19A18AA000DE762D /* Release */,
			);
			defaultConfigurationIsVisible = 0;
		};
/* End XCConfigurationList section */
	};
	rootObject = 8017A8D519A18AA000DE762D /* Project object */;
}
